// !$*UTF8*$!
{
	archiveVersion = 1;
	classes = {
	};
	objectVersion = 56;
	objects = {

/* Begin PBXBuildFile section */
		1E84F9D62E33D8A00060C454 /* AppDelegate.swift in Sources */ = {isa = PBXBuildFile; fileRef = 1E84F9D52E33D8A00060C454 /* AppDelegate.swift */; };
		1E84F9D82E33D8A00060C454 /* SceneDelegate.swift in Sources */ = {isa = PBXBuildFile; fileRef = 1E84F9D72E33D8A00060C454 /* SceneDelegate.swift */; };
		1E84F9DA2E33D8A00060C454 /* ViewController.swift in Sources */ = {isa = PBXBuildFile; fileRef = 1E84F9D92E33D8A00060C454 /* ViewController.swift */; };
		1E84F9DD2E33D8A00060C454 /* Main.storyboard in Resources */ = {isa = PBXBuildFile; fileRef = 1E84F9DB2E33D8A00060C454 /* Main.storyboard */; };
		1E84F9DF2E33D8AA0060C454 /* Assets.xcassets in Resources */ = {isa = PBXBuildFile; fileRef = 1E84F9DE2E33D8AA0060C454 /* Assets.xcassets */; };
		1E84F9E22E33D8AA0060C454 /* LaunchScreen.storyboard in Resources */ = {isa = PBXBuildFile; fileRef = 1E84F9E02E33D8AA0060C454 /* LaunchScreen.storyboard */; };
		1EF40ABF2E33DAD4001DDDDB /* UserSearchViewModel.swift in Sources */ = {isa = PBXBuildFile; fileRef = 1EF40ABE2E33DAD4001DDDDB /* UserSearchViewModel.swift */; };
		1EF40AC12E33DB49001DDDDB /* CityModel.swift in Sources */ = {isa = PBXBuildFile; fileRef = 1EF40AC02E33DB49001DDDDB /* CityModel.swift */; };
/* End PBXBuildFile section */

/* Begin PBXFileReference section */
		1E84F9D22E33D8A00060C454 /* SearchBarWorkItem.app */ = {isa = PBXFileReference; explicitFileType = wrapper.application; includeInIndex = 0; path = SearchBarWorkItem.app; sourceTree = BUILT_PRODUCTS_DIR; };
		1E84F9D52E33D8A00060C454 /* AppDelegate.swift */ = {isa = PBXFileReference; lastKnownFileType = sourcecode.swift; path = AppDelegate.swift; sourceTree = "<group>"; };
		1E84F9D72E33D8A00060C454 /* SceneDelegate.swift */ = {isa = PBXFileReference; lastKnownFileType = sourcecode.swift; path = SceneDelegate.swift; sourceTree = "<group>"; };
		1E84F9D92E33D8A00060C454 /* ViewController.swift */ = {isa = PBXFileReference; lastKnownFileType = sourcecode.swift; path = ViewController.swift; sourceTree = "<group>"; };
		1E84F9DC2E33D8A00060C454 /* Base */ = {isa = PBXFileReference; lastKnownFileType = file.storyboard; name = Base; path = Base.lproj/Main.storyboard; sourceTree = "<group>"; };
		1E84F9DE2E33D8AA0060C454 /* Assets.xcassets */ = {isa = PBXFileReference; lastKnownFileType = folder.assetcatalog; path = Assets.xcassets; sourceTree = "<group>"; };
		1E84F9E12E33D8AA0060C454 /* Base */ = {isa = PBXFileReference; lastKnownFileType = file.storyboard; name = Base; path = Base.lproj/LaunchScreen.storyboard; sourceTree = "<group>"; };
		1E84F9E32E33D8AA0060C454 /* Info.plist */ = {isa = PBXFileReference; lastKnownFileType = text.plist.xml; path = Info.plist; sourceTree = "<group>"; };
		1EF40ABE2E33DAD4001DDDDB /* UserSearchViewModel.swift */ = {isa = PBXFileReference; lastKnownFileType = sourcecode.swift; path = UserSearchViewModel.swift; sourceTree = "<group>"; };
		1EF40AC02E33DB49001DDDDB /* CityModel.swift */ = {isa = PBXFileReference; lastKnownFileType = sourcecode.swift; path = CityModel.swift; sourceTree = "<group>"; };
/* End PBXFileReference section */

/* Begin PBXFrameworksBuildPhase section */
		1E84F9CF2E33D8A00060C454 /* Frameworks */ = {
			isa = PBXFrameworksBuildPhase;
			buildActionMask = 2147483647;
			files = (
			);
			runOnlyForDeploymentPostprocessing = 0;
		};
/* End PBXFrameworksBuildPhase section */

/* Begin PBXGroup section */
		1E84F9C92E33D8A00060C454 = {
			isa = PBXGroup;
			children = (
				1E84F9D42E33D8A00060C454 /* SearchBarWorkItem */,
				1E84F9D32E33D8A00060C454 /* Products */,
			);
			sourceTree = "<group>";
		};
		1E84F9D32E33D8A00060C454 /* Products */ = {
			isa = PBXGroup;
			children = (
				1E84F9D22E33D8A00060C454 /* SearchBarWorkItem.app */,
			);
			name = Products;
			sourceTree = "<group>";
		};
		1E84F9D42E33D8A00060C454 /* SearchBarWorkItem */ = {
			isa = PBXGroup;
			children = (
				1E84F9D52E33D8A00060C454 /* AppDelegate.swift */,
				1E84F9D72E33D8A00060C454 /* SceneDelegate.swift */,
				1E84F9D92E33D8A00060C454 /* ViewController.swift */,
				1E84F9DB2E33D8A00060C454 /* Main.storyboard */,
				1E84F9DE2E33D8AA0060C454 /* Assets.xcassets */,
				1E84F9E02E33D8AA0060C454 /* LaunchScreen.storyboard */,
				1E84F9E32E33D8AA0060C454 /* Info.plist */,
				1EF40ABE2E33DAD4001DDDDB /* UserSearchViewModel.swift */,
				1EF40AC02E33DB49001DDDDB /* CityModel.swift */,
			);
			path = SearchBarWorkItem;
			sourceTree = "<group>";
		};
/* End PBXGroup section */

/* Begin PBXNativeTarget section */
		1E84F9D12E33D8A00060C454 /* SearchBarWorkItem */ = {
			isa = PBXNativeTarget;
			buildConfigurationList = 1E84F9E62E33D8AA0060C454 /* Build configuration list for PBXNativeTarget "SearchBarWorkItem" */;
			buildPhases = (
				1E84F9CE2E33D8A00060C454 /* Sources */,
				1E84F9CF2E33D8A00060C454 /* Frameworks */,
				1E84F9D02E33D8A00060C454 /* Resources */,
			);
			buildRules = (
			);
			dependencies = (
			);
			name = SearchBarWorkItem;
			productName = SearchBarWorkItem;
			productReference = 1E84F9D22E33D8A00060C454 /* SearchBarWorkItem.app */;
			productType = "com.apple.product-type.application";
		};
/* End PBXNativeTarget section */

/* Begin PBXProject section */
		1E84F9CA2E33D8A00060C454 /* Project object */ = {
			isa = PBXProject;
			attributes = {
				BuildIndependentTargetsInParallel = 1;
				LastSwiftUpdateCheck = 1420;
				LastUpgradeCheck = 1420;
				TargetAttributes = {
					1E84F9D12E33D8A00060C454 = {
						CreatedOnToolsVersion = 14.2;
					};
				};
			};
			buildConfigurationList = 1E84F9CD2E33D8A00060C454 /* Build configuration list for PBXProject "SearchBarWorkItem" */;
			compatibilityVersion = "Xcode 14.0";
			developmentRegion = en;
			hasScannedForEncodings = 0;
			knownRegions = (
				en,
				Base,
			);
			mainGroup = 1E84F9C92E33D8A00060C454;
			productRefGroup = 1E84F9D32E33D8A00060C454 /* Products */;
			projectDirPath = "";
			projectRoot = "";
			targets = (
				1E84F9D12E33D8A00060C454 /* SearchBarWorkItem */,
			);
		};
/* End PBXProject section */

/* Begin PBXResourcesBuildPhase section */
		1E84F9D02E33D8A00060C454 /* Resources */ = {
			isa = PBXResourcesBuildPhase;
			buildActionMask = 2147483647;
			files = (
				1E84F9E22E33D8AA0060C454 /* LaunchScreen.storyboard in Resources */,
				1E84F9DF2E33D8AA0060C454 /* Assets.xcassets in Resources */,
				1E84F9DD2E33D8A00060C454 /* Main.storyboard in Resources */,
			);
			runOnlyForDeploymentPostprocessing = 0;
		};
/* End PBXResourcesBuildPhase section */

/* Begin PBXSourcesBuildPhase section */
		1E84F9CE2E33D8A00060C454 /* Sources */ = {
			isa = PBXSourcesBuildPhase;
			buildActionMask = 2147483647;
			files = (
				1EF40AC12E33DB49001DDDDB /* CityModel.swift in Sources */,
				1E84F9DA2E33D8A00060C454 /* ViewController.swift in Sources */,
				1EF40ABF2E33DAD4001DDDDB /* UserSearchViewModel.swift in Sources */,
				1E84F9D62E33D8A00060C454 /* AppDelegate.swift in Sources */,
				1E84F9D82E33D8A00060C454 /* SceneDelegate.swift in Sources */,
			);
			runOnlyForDeploymentPostprocessing = 0;
		};
/* End PBXSourcesBuildPhase section */

/* Begin PBXVariantGroup section */
		1E84F9DB2E33D8A00060C454 /* Main.storyboard */ = {
			isa = PBXVariantGroup;
			children = (
				1E84F9DC2E33D8A00060C454 /* Base */,
			);
			name = Main.storyboard;
			sourceTree = "<group>";
		};
		1E84F9E02E33D8AA0060C454 /* LaunchScreen.storyboard */ = {
			isa = PBXVariantGroup;
			children = (
				1E84F9E12E33D8AA0060C454 /* Base */,
			);
			name = LaunchScreen.storyboard;
			sourceTree = "<group>";
		};
/* End PBXVariantGroup section */

/* Begin XCBuildConfiguration section */
		1E84F9E42E33D8AA0060C454 /* Debug */ = {
			isa = XCBuildConfiguration;
			buildSettings = {
				ALWAYS_SEARCH_USER_PATHS = NO;
				CLANG_ANALYZER_NONNULL = YES;
				CLANG_ANALYZER_NUMBER_OBJECT_CONVERSION = YES_AGGRESSIVE;
				CLANG_CXX_LANGUAGE_STANDARD = "gnu++20";
				CLANG_ENABLE_MODULES = YES;
				CLANG_ENABLE_OBJC_ARC = YES;
				CLANG_ENABLE_OBJC_WEAK = YES;
				CLANG_WARN_BLOCK_CAPTURE_AUTORELEASING = YES;
				CLANG_WARN_BOOL_CONVERSION = YES;
				CLANG_WARN_COMMA = YES;
				CLANG_WARN_CONSTANT_CONVERSION = YES;
				CLANG_WARN_DEPRECATED_OBJC_IMPLEMENTATIONS = YES;
				CLANG_WARN_DIRECT_OBJC_ISA_USAGE = YES_ERROR;
				CLANG_WARN_DOCUMENTATION_COMMENTS = YES;
				CLANG_WARN_EMPTY_BODY = YES;
				CLANG_WARN_ENUM_CONVERSION = YES;
				CLANG_WARN_INFINITE_RECURSION = YES;
				CLANG_WARN_INT_CONVERSION = YES;
				CLANG_WARN_NON_LITERAL_NULL_CONVERSION = YES;
				CLANG_WARN_OBJC_IMPLICIT_RETAIN_SELF = YES;
				CLANG_WARN_OBJC_LITERAL_CONVERSION = YES;
				CLANG_WARN_OBJC_ROOT_CLASS = YES_ERROR;
				CLANG_WARN_QUOTED_INCLUDE_IN_FRAMEWORK_HEADER = YES;
				CLANG_WARN_RANGE_LOOP_ANALYSIS = YES;
				CLANG_WARN_STRICT_PROTOTYPES = YES;
				CLANG_WARN_SUSPICIOUS_MOVE = YES;
				CLANG_WARN_UNGUARDED_AVAILABILITY = YES_AGGRESSIVE;
				CLANG_WARN_UNREACHABLE_CODE = YES;
				CLANG_WARN__DUPLICATE_METHOD_MATCH = YES;
				COPY_PHASE_STRIP = NO;
				DEBUG_INFORMATION_FORMAT = dwarf;
				ENABLE_STRICT_OBJC_MSGSEND = YES;
				ENABLE_TESTABILITY = YES;
				GCC_C_LANGUAGE_STANDARD = gnu11;
				GCC_DYNAMIC_NO_PIC = NO;
				GCC_NO_COMMON_BLOCKS = YES;
				GCC_OPTIMIZATION_LEVEL = 0;
				GCC_PREPROCESSOR_DEFINITIONS = (
					"DEBUG=1",
					"$(inherited)",
				);
				GCC_WARN_64_TO_32_BIT_CONVERSION = YES;
				GCC_WARN_ABOUT_RETURN_TYPE = YES_ERROR;
				GCC_WARN_UNDECLARED_SELECTOR = YES;
				GCC_WARN_UNINITIALIZED_AUTOS = YES_AGGRESSIVE;
				GCC_WARN_UNUSED_FUNCTION = YES;
				GCC_WARN_UNUSED_VARIABLE = YES;
				IPHONEOS_DEPLOYMENT_TARGET = 16.2;
				MTL_ENABLE_DEBUG_INFO = INCLUDE_SOURCE;
				MTL_FAST_MATH = YES;
				ONLY_ACTIVE_ARCH = YES;
				SDKROOT = iphoneos;
				SWIFT_ACTIVE_COMPILATION_CONDITIONS = DEBUG;
				SWIFT_OPTIMIZATION_LEVEL = "-Onone";
			};
			name = Debug;
		};
		1E84F9E52E33D8AA0060C454 /* Release */ = {
			isa = XCBuildConfiguration;
			buildSettings = {
				ALWAYS_SEARCH_USER_PATHS = NO;
				CLANG_ANALYZER_NONNULL = YES;
				CLANG_ANALYZER_NUMBER_OBJECT_CONVERSION = YES_AGGRESSIVE;
				CLANG_CXX_LANGUAGE_STANDARD = "gnu++20";
				CLANG_ENABLE_MODULES = YES;
				CLANG_ENABLE_OBJC_ARC = YES;
				CLANG_ENABLE_OBJC_WEAK = YES;
				CLANG_WARN_BLOCK_CAPTURE_AUTORELEASING = YES;
				CLANG_WARN_BOOL_CONVERSION = YES;
				CLANG_WARN_COMMA = YES;
				CLANG_WARN_CONSTANT_CONVERSION = YES;
				CLANG_WARN_DEPRECATED_OBJC_IMPLEMENTATIONS = YES;
				CLANG_WARN_DIRECT_OBJC_ISA_USAGE = YES_ERROR;
				CLANG_WARN_DOCUMENTATION_COMMENTS = YES;
				CLANG_WARN_EMPTY_BODY = YES;
				CLANG_WARN_ENUM_CONVERSION = YES;
				CLANG_WARN_INFINITE_RECURSION = YES;
				CLANG_WARN_INT_CONVERSION = YES;
				CLANG_WARN_NON_LITERAL_NULL_CONVERSION = YES;
				CLANG_WARN_OBJC_IMPLICIT_RETAIN_SELF = YES;
				CLANG_WARN_OBJC_LITERAL_CONVERSION = YES;
				CLANG_WARN_OBJC_ROOT_CLASS = YES_ERROR;
				CLANG_WARN_QUOTED_INCLUDE_IN_FRAMEWORK_HEADER = YES;
				CLANG_WARN_RANGE_LOOP_ANALYSIS = YES;
				CLANG_WARN_STRICT_PROTOTYPES = YES;
				CLANG_WARN_SUSPICIOUS_MOVE = YES;
				CLANG_WARN_UNGUARDED_AVAILABILITY = YES_AGGRESSIVE;
				CLANG_WARN_UNREACHABLE_CODE = YES;
				CLANG_WARN__DUPLICATE_METHOD_MATCH = YES;
				COPY_PHASE_STRIP = NO;
				DEBUG_INFORMATION_FORMAT = "dwarf-with-dsym";
				ENABLE_NS_ASSERTIONS = NO;
				ENABLE_STRICT_OBJC_MSGSEND = YES;
				GCC_C_LANGUAGE_STANDARD = gnu11;
				GCC_NO_COMMON_BLOCKS = YES;
				GCC_WARN_64_TO_32_BIT_CONVERSION = YES;
				GCC_WARN_ABOUT_RETURN_TYPE = YES_ERROR;
				GCC_WARN_UNDECLARED_SELECTOR = YES;
				GCC_WARN_UNINITIALIZED_AUTOS = YES_AGGRESSIVE;
				GCC_WARN_UNUSED_FUNCTION = YES;
				GCC_WARN_UNUSED_VARIABLE = YES;
				IPHONEOS_DEPLOYMENT_TARGET = 16.2;
				MTL_ENABLE_DEBUG_INFO = NO;
				MTL_FAST_MATH = YES;
				SDKROOT = iphoneos;
				SWIFT_COMPILATION_MODE = wholemodule;
				SWIFT_OPTIMIZATION_LEVEL = "-O";
				VALIDATE_PRODUCT = YES;
			};
			name = Release;
		};
		1E84F9E72E33D8AA0060C454 /* Debug */ = {
			isa = XCBuildConfiguration;
			buildSettings = {
				ASSETCATALOG_COMPILER_APPICON_NAME = AppIcon;
				ASSETCATALOG_COMPILER_GLOBAL_ACCENT_COLOR_NAME = AccentColor;
				CODE_SIGN_STYLE = Automatic;
				CURRENT_PROJECT_VERSION = 1;
				GENERATE_INFOPLIST_FILE = YES;
				INFOPLIST_FILE = SearchBarWorkItem/Info.plist;
				INFOPLIST_KEY_UIApplicationSupportsIndirectInputEvents = YES;
				INFOPLIST_KEY_UILaunchStoryboardName = LaunchScreen;
				INFOPLIST_KEY_UIMainStoryboardFile = Main;
				INFOPLIST_KEY_UISupportedInterfaceOrientations_iPad = "UIInterfaceOrientationPortrait UIInterfaceOrientationPortraitUpsideDown UIInterfaceOrientationLandscapeLeft UIInterfaceOrientationLandscapeRight";
				INFOPLIST_KEY_UISupportedInterfaceOrientations_iPhone = "UIInterfaceOrientationPortrait UIInterfaceOrientationLandscapeLeft UIInterfaceOrientationLandscapeRight";
				LD_RUNPATH_SEARCH_PATHS = (
					"$(inherited)",
					"@executable_path/Frameworks",
				);
				MARKETING_VERSION = 1.0;
				PRODUCT_BUNDLE_IDENTIFIER = com.nadaf.SearchBarWorkItem;
				PRODUCT_NAME = "$(TARGET_NAME)";
				SWIFT_EMIT_LOC_STRINGS = YES;
				SWIFT_VERSION = 5.0;
				TARGETED_DEVICE_FAMILY = "1,2";
			};
			name = Debug;
		};
		1E84F9E82E33D8AA0060C454 /* Release */ = {
			isa = XCBuildConfiguration;
			buildSettings = {
				ASSETCATALOG_COMPILER_APPICON_NAME = AppIcon;
				ASSETCATALOG_COMPILER_GLOBAL_ACCENT_COLOR_NAME = AccentColor;
				CODE_SIGN_STYLE = Automatic;
				CURRENT_PROJECT_VERSION = 1;
				GENERATE_INFOPLIST_FILE = YES;
				INFOPLIST_FILE = SearchBarWorkItem/Info.plist;
				INFOPLIST_KEY_UIApplicationSupportsIndirectInputEvents = YES;
				INFOPLIST_KEY_UILaunchStoryboardName = LaunchScreen;
				INFOPLIST_KEY_UIMainStoryboardFile = Main;
				INFOPLIST_KEY_UISupportedInterfaceOrientations_iPad = "UIInterfaceOrientationPortrait UIInterfaceOrientationPortraitUpsideDown UIInterfaceOrientationLandscapeLeft UIInterfaceOrientationLandscapeRight";
				INFOPLIST_KEY_UISupportedInterfaceOrientations_iPhone = "UIInterfaceOrientationPortrait UIInterfaceOrientationLandscapeLeft UIInterfaceOrientationLandscapeRight";
				LD_RUNPATH_SEARCH_PATHS = (
					"$(inherited)",
					"@executable_path/Frameworks",
				);
				MARKETING_VERSION = 1.0;
				PRODUCT_BUNDLE_IDENTIFIER = com.nadaf.SearchBarWorkItem;
				PRODUCT_NAME = "$(TARGET_NAME)";
				SWIFT_EMIT_LOC_STRINGS = YES;
				SWIFT_VERSION = 5.0;
				TARGETED_DEVICE_FAMILY = "1,2";
			};
			name = Release;
		};
/* End XCBuildConfiguration section */

/* Begin XCConfigurationList section */
		1E84F9CD2E33D8A00060C454 /* Build configuration list for PBXProject "SearchBarWorkItem" */ = {
			isa = XCConfigurationList;
			buildConfigurations = (
				1E84F9E42E33D8AA0060C454 /* Debug */,
				1E84F9E52E33D8AA0060C454 /* Release */,
			);
			defaultConfigurationIsVisible = 0;
			defaultConfigurationName = Release;
		};
		1E84F9E62E33D8AA0060C454 /* Build configuration list for PBXNativeTarget "SearchBarWorkItem" */ = {
			isa = XCConfigurationList;
			buildConfigurations = (
				1E84F9E72E33D8AA0060C454 /* Debug */,
				1E84F9E82E33D8AA0060C454 /* Release */,
			);
			defaultConfigurationIsVisible = 0;
			defaultConfigurationName = Release;
		};
/* End XCConfigurationList section */
	};
	rootObject = 1E84F9CA2E33D8A00060C454 /* Project object */;
}
